// !$*UTF8*$!
{
	archiveVersion = 1;
	classes = {
	};
	objectVersion = 50;
	objects = {

/* Begin PBXBuildFile section */
		F435F49C254B350000160E6D /* MenuView.swift in Sources */ = {isa = PBXBuildFile; fileRef = F435F49B254B350000160E6D /* MenuView.swift */; };
		F435F4A0254B848300160E6D /* Home.swift in Sources */ = {isa = PBXBuildFile; fileRef = F435F49F254B848300160E6D /* Home.swift */; };
		F435F4AA254B9F8300160E6D /* HomeView.swift in Sources */ = {isa = PBXBuildFile; fileRef = F435F4A9254B9F8300160E6D /* HomeView.swift */; };
		F4B57CDE254A0C0B000B0148 /* AppDelegate.swift in Sources */ = {isa = PBXBuildFile; fileRef = F4B57CDD254A0C0B000B0148 /* AppDelegate.swift */; };
		F4B57CE0254A0C0B000B0148 /* SceneDelegate.swift in Sources */ = {isa = PBXBuildFile; fileRef = F4B57CDF254A0C0B000B0148 /* SceneDelegate.swift */; };
		F4B57CE2254A0C0B000B0148 /* CertificatesView.swift in Sources */ = {isa = PBXBuildFile; fileRef = F4B57CE1254A0C0B000B0148 /* CertificatesView.swift */; };
		F4B57CE4254A0C12000B0148 /* Assets.xcassets in Resources */ = {isa = PBXBuildFile; fileRef = F4B57CE3254A0C12000B0148 /* Assets.xcassets */; };
		F4B57CE7254A0C12000B0148 /* Preview Assets.xcassets in Resources */ = {isa = PBXBuildFile; fileRef = F4B57CE6254A0C12000B0148 /* Preview Assets.xcassets */; };
		F4B57CEA254A0C12000B0148 /* LaunchScreen.storyboard in Resources */ = {isa = PBXBuildFile; fileRef = F4B57CE8254A0C12000B0148 /* LaunchScreen.storyboard */; };
/* End PBXBuildFile section */

/* Begin PBXFileReference section */
		F435F49B254B350000160E6D /* MenuView.swift */ = {isa = PBXFileReference; lastKnownFileType = sourcecode.swift; path = MenuView.swift; sourceTree = "<group>"; };
		F435F49F254B848300160E6D /* Home.swift */ = {isa = PBXFileReference; lastKnownFileType = sourcecode.swift; path = Home.swift; sourceTree = "<group>"; };
		F435F4A9254B9F8300160E6D /* HomeView.swift */ = {isa = PBXFileReference; lastKnownFileType = sourcecode.swift; path = HomeView.swift; sourceTree = "<group>"; };
		F4B57CDA254A0C0B000B0148 /* DesignCode.v1.app */ = {isa = PBXFileReference; explicitFileType = wrapper.application; includeInIndex = 0; path = DesignCode.v1.app; sourceTree = BUILT_PRODUCTS_DIR; };
		F4B57CDD254A0C0B000B0148 /* AppDelegate.swift */ = {isa = PBXFileReference; lastKnownFileType = sourcecode.swift; path = AppDelegate.swift; sourceTree = "<group>"; };
		F4B57CDF254A0C0B000B0148 /* SceneDelegate.swift */ = {isa = PBXFileReference; lastKnownFileType = sourcecode.swift; path = SceneDelegate.swift; sourceTree = "<group>"; };
		F4B57CE1254A0C0B000B0148 /* CertificatesView.swift */ = {isa = PBXFileReference; lastKnownFileType = sourcecode.swift; path = CertificatesView.swift; sourceTree = "<group>"; };
		F4B57CE3254A0C12000B0148 /* Assets.xcassets */ = {isa = PBXFileReference; lastKnownFileType = folder.assetcatalog; path = Assets.xcassets; sourceTree = "<group>"; };
		F4B57CE6254A0C12000B0148 /* Preview Assets.xcassets */ = {isa = PBXFileReference; lastKnownFileType = folder.assetcatalog; path = "Preview Assets.xcassets"; sourceTree = "<group>"; };
		F4B57CE9254A0C12000B0148 /* Base */ = {isa = PBXFileReference; lastKnownFileType = file.storyboard; name = Base; path = Base.lproj/LaunchScreen.storyboard; sourceTree = "<group>"; };
		F4B57CEB254A0C12000B0148 /* Info.plist */ = {isa = PBXFileReference; lastKnownFileType = text.plist.xml; path = Info.plist; sourceTree = "<group>"; };
/* End PBXFileReference section */

/* Begin PBXFrameworksBuildPhase section */
		F4B57CD7254A0C0B000B0148 /* Frameworks */ = {
			isa = PBXFrameworksBuildPhase;
			buildActionMask = 2147483647;
			files = (
			);
			runOnlyForDeploymentPostprocessing = 0;
		};
/* End PBXFrameworksBuildPhase section */

/* Begin PBXGroup section */
		F435F49A254B34DD00160E6D /* Screens */ = {
			isa = PBXGroup;
			children = (
				F435F49F254B848300160E6D /* Home.swift */,
				F435F4A9254B9F8300160E6D /* HomeView.swift */,
				F4B57CE1254A0C0B000B0148 /* CertificatesView.swift */,
				F435F49B254B350000160E6D /* MenuView.swift */,
			);
			path = Screens;
			sourceTree = "<group>";
		};
		F4B57CD1254A0C0B000B0148 = {
			isa = PBXGroup;
			children = (
				F4B57CDC254A0C0B000B0148 /* DesignCode.v1 */,
				F4B57CDB254A0C0B000B0148 /* Products */,
			);
			sourceTree = "<group>";
		};
		F4B57CDB254A0C0B000B0148 /* Products */ = {
			isa = PBXGroup;
			children = (
				F4B57CDA254A0C0B000B0148 /* DesignCode.v1.app */,
			);
			name = Products;
			sourceTree = "<group>";
		};
		F4B57CDC254A0C0B000B0148 /* DesignCode.v1 */ = {
			isa = PBXGroup;
			children = (
				F4B57CDD254A0C0B000B0148 /* AppDelegate.swift */,
				F4B57CDF254A0C0B000B0148 /* SceneDelegate.swift */,
				F435F49A254B34DD00160E6D /* Screens */,
				F4B57CE3254A0C12000B0148 /* Assets.xcassets */,
				F4B57CE8254A0C12000B0148 /* LaunchScreen.storyboard */,
				F4B57CEB254A0C12000B0148 /* Info.plist */,
				F4B57CE5254A0C12000B0148 /* Preview Content */,
			);
			path = DesignCode.v1;
			sourceTree = "<group>";
		};
		F4B57CE5254A0C12000B0148 /* Preview Content */ = {
			isa = PBXGroup;
			children = (
				F4B57CE6254A0C12000B0148 /* Preview Assets.xcassets */,
			);
			path = "Preview Content";
			sourceTree = "<group>";
		};
/* End PBXGroup section */

/* Begin PBXNativeTarget section */
		F4B57CD9254A0C0B000B0148 /* DesignCode.v1 */ = {
			isa = PBXNativeTarget;
			buildConfigurationList = F4B57CEE254A0C12000B0148 /* Build configuration list for PBXNativeTarget "DesignCode.v1" */;
			buildPhases = (
				F4B57CD6254A0C0B000B0148 /* Sources */,
				F4B57CD7254A0C0B000B0148 /* Frameworks */,
				F4B57CD8254A0C0B000B0148 /* Resources */,
			);
			buildRules = (
			);
			dependencies = (
			);
			name = DesignCode.v1;
			productName = DesignCode.v1;
			productReference = F4B57CDA254A0C0B000B0148 /* DesignCode.v1.app */;
			productType = "com.apple.product-type.application";
		};
/* End PBXNativeTarget section */

/* Begin PBXProject section */
		F4B57CD2254A0C0B000B0148 /* Project object */ = {
			isa = PBXProject;
			attributes = {
				LastSwiftUpdateCheck = 1200;
				LastUpgradeCheck = 1200;
				TargetAttributes = {
					F4B57CD9254A0C0B000B0148 = {
						CreatedOnToolsVersion = 12.0;
					};
				};
			};
			buildConfigurationList = F4B57CD5254A0C0B000B0148 /* Build configuration list for PBXProject "DesignCode.v1" */;
			compatibilityVersion = "Xcode 9.3";
			developmentRegion = en;
			hasScannedForEncodings = 0;
			knownRegions = (
				en,
				Base,
			);
			mainGroup = F4B57CD1254A0C0B000B0148;
			productRefGroup = F4B57CDB254A0C0B000B0148 /* Products */;
			projectDirPath = "";
			projectRoot = "";
			targets = (
				F4B57CD9254A0C0B000B0148 /* DesignCode.v1 */,
			);
		};
/* End PBXProject section */

/* Begin PBXResourcesBuildPhase section */
		F4B57CD8254A0C0B000B0148 /* Resources */ = {
			isa = PBXResourcesBuildPhase;
			buildActionMask = 2147483647;
			files = (
				F4B57CEA254A0C12000B0148 /* LaunchScreen.storyboard in Resources */,
				F4B57CE7254A0C12000B0148 /* Preview Assets.xcassets in Resources */,
				F4B57CE4254A0C12000B0148 /* Assets.xcassets in Resources */,
			);
			runOnlyForDeploymentPostprocessing = 0;
		};
/* End PBXResourcesBuildPhase section */

/* Begin PBXSourcesBuildPhase section */
		F4B57CD6254A0C0B000B0148 /* Sources */ = {
			isa = PBXSourcesBuildPhase;
			buildActionMask = 2147483647;
			files = (
				F4B57CDE254A0C0B000B0148 /* AppDelegate.swift in Sources */,
				F435F49C254B350000160E6D /* MenuView.swift in Sources */,
				F4B57CE0254A0C0B000B0148 /* SceneDelegate.swift in Sources */,
				F435F4A0254B848300160E6D /* Home.swift in Sources */,
				F435F4AA254B9F8300160E6D /* HomeView.swift in Sources */,
				F4B57CE2254A0C0B000B0148 /* CertificatesView.swift in Sources */,
			);
			runOnlyForDeploymentPostprocessing = 0;
		};
/* End PBXSourcesBuildPhase section */

/* Begin PBXVariantGroup section */
		F4B57CE8254A0C12000B0148 /* LaunchScreen.storyboard */ = {
			isa = PBXVariantGroup;
			children = (
				F4B57CE9254A0C12000B0148 /* Base */,
			);
			name = LaunchScreen.storyboard;
			sourceTree = "<group>";
		};
/* End PBXVariantGroup section */

/* Begin XCBuildConfiguration section */
		F4B57CEC254A0C12000B0148 /* Debug */ = {
			isa = XCBuildConfiguration;
			buildSettings = {
				ALWAYS_SEARCH_USER_PATHS = NO;
				CLANG_ANALYZER_NONNULL = YES;
				CLANG_ANALYZER_NUMBER_OBJECT_CONVERSION = YES_AGGRESSIVE;
				CLANG_CXX_LANGUAGE_STANDARD = "gnu++14";
				CLANG_CXX_LIBRARY = "libc++";
				CLANG_ENABLE_MODULES = YES;
				CLANG_ENABLE_OBJC_ARC = YES;
				CLANG_ENABLE_OBJC_WEAK = YES;
				CLANG_WARN_BLOCK_CAPTURE_AUTORELEASING = YES;
				CLANG_WARN_BOOL_CONVERSION = YES;
				CLANG_WARN_COMMA = YES;
				CLANG_WARN_CONSTANT_CONVERSION = YES;
				CLANG_WARN_DEPRECATED_OBJC_IMPLEMENTATIONS = YES;
				CLANG_WARN_DIRECT_OBJC_ISA_USAGE = YES_ERROR;
				CLANG_WARN_DOCUMENTATION_COMMENTS = YES;
				CLANG_WARN_EMPTY_BODY = YES;
				CLANG_WARN_ENUM_CONVERSION = YES;
				CLANG_WARN_INFINITE_RECURSION = YES;
				CLANG_WARN_INT_CONVERSION = YES;
				CLANG_WARN_NON_LITERAL_NULL_CONVERSION = YES;
				CLANG_WARN_OBJC_IMPLICIT_RETAIN_SELF = YES;
				CLANG_WARN_OBJC_LITERAL_CONVERSION = YES;
				CLANG_WARN_OBJC_ROOT_CLASS = YES_ERROR;
				CLANG_WARN_QUOTED_INCLUDE_IN_FRAMEWORK_HEADER = YES;
				CLANG_WARN_RANGE_LOOP_ANALYSIS = YES;
				CLANG_WARN_STRICT_PROTOTYPES = YES;
				CLANG_WARN_SUSPICIOUS_MOVE = YES;
				CLANG_WARN_UNGUARDED_AVAILABILITY = YES_AGGRESSIVE;
				CLANG_WARN_UNREACHABLE_CODE = YES;
				CLANG_WARN__DUPLICATE_METHOD_MATCH = YES;
				COPY_PHASE_STRIP = NO;
				DEBUG_INFORMATION_FORMAT = dwarf;
				ENABLE_STRICT_OBJC_MSGSEND = YES;
				ENABLE_TESTABILITY = YES;
				GCC_C_LANGUAGE_STANDARD = gnu11;
				GCC_DYNAMIC_NO_PIC = NO;
				GCC_NO_COMMON_BLOCKS = YES;
				GCC_OPTIMIZATION_LEVEL = 0;
				GCC_PREPROCESSOR_DEFINITIONS = (
					"DEBUG=1",
					"$(inherited)",
				);
				GCC_WARN_64_TO_32_BIT_CONVERSION = YES;
				GCC_WARN_ABOUT_RETURN_TYPE = YES_ERROR;
				GCC_WARN_UNDECLARED_SELECTOR = YES;
				GCC_WARN_UNINITIALIZED_AUTOS = YES_AGGRESSIVE;
				GCC_WARN_UNUSED_FUNCTION = YES;
				GCC_WARN_UNUSED_VARIABLE = YES;
				IPHONEOS_DEPLOYMENT_TARGET = 14.0;
				MTL_ENABLE_DEBUG_INFO = INCLUDE_SOURCE;
				MTL_FAST_MATH = YES;
				ONLY_ACTIVE_ARCH = YES;
				SDKROOT = iphoneos;
				SWIFT_ACTIVE_COMPILATION_CONDITIONS = DEBUG;
				SWIFT_OPTIMIZATION_LEVEL = "-Onone";
			};
			name = Debug;
		};
		F4B57CED254A0C12000B0148 /* Release */ = {
			isa = XCBuildConfiguration;
			buildSettings = {
				ALWAYS_SEARCH_USER_PATHS = NO;
				CLANG_ANALYZER_NONNULL = YES;
				CLANG_ANALYZER_NUMBER_OBJECT_CONVERSION = YES_AGGRESSIVE;
				CLANG_CXX_LANGUAGE_STANDARD = "gnu++14";
				CLANG_CXX_LIBRARY = "libc++";
				CLANG_ENABLE_MODULES = YES;
				CLANG_ENABLE_OBJC_ARC = YES;
				CLANG_ENABLE_OBJC_WEAK = YES;
				CLANG_WARN_BLOCK_CAPTURE_AUTORELEASING = YES;
				CLANG_WARN_BOOL_CONVERSION = YES;
				CLANG_WARN_COMMA = YES;
				CLANG_WARN_CONSTANT_CONVERSION = YES;
				CLANG_WARN_DEPRECATED_OBJC_IMPLEMENTATIONS = YES;
				CLANG_WARN_DIRECT_OBJC_ISA_USAGE = YES_ERROR;
				CLANG_WARN_DOCUMENTATION_COMMENTS = YES;
				CLANG_WARN_EMPTY_BODY = YES;
				CLANG_WARN_ENUM_CONVERSION = YES;
				CLANG_WARN_INFINITE_RECURSION = YES;
				CLANG_WARN_INT_CONVERSION = YES;
				CLANG_WARN_NON_LITERAL_NULL_CONVERSION = YES;
				CLANG_WARN_OBJC_IMPLICIT_RETAIN_SELF = YES;
				CLANG_WARN_OBJC_LITERAL_CONVERSION = YES;
				CLANG_WARN_OBJC_ROOT_CLASS = YES_ERROR;
				CLANG_WARN_QUOTED_INCLUDE_IN_FRAMEWORK_HEADER = YES;
				CLANG_WARN_RANGE_LOOP_ANALYSIS = YES;
				CLANG_WARN_STRICT_PROTOTYPES = YES;
				CLANG_WARN_SUSPICIOUS_MOVE = YES;
				CLANG_WARN_UNGUARDED_AVAILABILITY = YES_AGGRESSIVE;
				CLANG_WARN_UNREACHABLE_CODE = YES;
				CLANG_WARN__DUPLICATE_METHOD_MATCH = YES;
				COPY_PHASE_STRIP = NO;
				DEBUG_INFORMATION_FORMAT = "dwarf-with-dsym";
				ENABLE_NS_ASSERTIONS = NO;
				ENABLE_STRICT_OBJC_MSGSEND = YES;
				GCC_C_LANGUAGE_STANDARD = gnu11;
				GCC_NO_COMMON_BLOCKS = YES;
				GCC_WARN_64_TO_32_BIT_CONVERSION = YES;
				GCC_WARN_ABOUT_RETURN_TYPE = YES_ERROR;
				GCC_WARN_UNDECLARED_SELECTOR = YES;
				GCC_WARN_UNINITIALIZED_AUTOS = YES_AGGRESSIVE;
				GCC_WARN_UNUSED_FUNCTION = YES;
				GCC_WARN_UNUSED_VARIABLE = YES;
				IPHONEOS_DEPLOYMENT_TARGET = 14.0;
				MTL_ENABLE_DEBUG_INFO = NO;
				MTL_FAST_MATH = YES;
				SDKROOT = iphoneos;
				SWIFT_COMPILATION_MODE = wholemodule;
				SWIFT_OPTIMIZATION_LEVEL = "-O";
				VALIDATE_PRODUCT = YES;
			};
			name = Release;
		};
		F4B57CEF254A0C12000B0148 /* Debug */ = {
			isa = XCBuildConfiguration;
			buildSettings = {
				ASSETCATALOG_COMPILER_APPICON_NAME = AppIcon;
				ASSETCATALOG_COMPILER_GLOBAL_ACCENT_COLOR_NAME = AccentColor;
				CODE_SIGN_STYLE = Automatic;
				DEVELOPMENT_ASSET_PATHS = "\"DesignCode.v1/Preview Content\"";
				DEVELOPMENT_TEAM = 9G2243U9KY;
				ENABLE_PREVIEWS = YES;
				INFOPLIST_FILE = DesignCode.v1/Info.plist;
				LD_RUNPATH_SEARCH_PATHS = (
					"$(inherited)",
					"@executable_path/Frameworks",
				);
				PRODUCT_BUNDLE_IDENTIFIER = "TeeksCode.DesignCode-v1";
				PRODUCT_NAME = "$(TARGET_NAME)";
				SWIFT_VERSION = 5.0;
				TARGETED_DEVICE_FAMILY = "1,2";
			};
			name = Debug;
		};
		F4B57CF0254A0C12000B0148 /* Release */ = {
			isa = XCBuildConfiguration;
			buildSettings = {
				ASSETCATALOG_COMPILER_APPICON_NAME = AppIcon;
				ASSETCATALOG_COMPILER_GLOBAL_ACCENT_COLOR_NAME = AccentColor;
				CODE_SIGN_STYLE = Automatic;
				DEVELOPMENT_ASSET_PATHS = "\"DesignCode.v1/Preview Content\"";
				DEVELOPMENT_TEAM = 9G2243U9KY;
				ENABLE_PREVIEWS = YES;
				INFOPLIST_FILE = DesignCode.v1/Info.plist;
				LD_RUNPATH_SEARCH_PATHS = (
					"$(inherited)",
					"@executable_path/Frameworks",
				);
				PRODUCT_BUNDLE_IDENTIFIER = "TeeksCode.DesignCode-v1";
				PRODUCT_NAME = "$(TARGET_NAME)";
				SWIFT_VERSION = 5.0;
				TARGETED_DEVICE_FAMILY = "1,2";
			};
			name = Release;
		};
/* End XCBuildConfiguration section */

/* Begin XCConfigurationList section */
		F4B57CD5254A0C0B000B0148 /* Build configuration list for PBXProject "DesignCode.v1" */ = {
			isa = XCConfigurationList;
			buildConfigurations = (
				F4B57CEC254A0C12000B0148 /* Debug */,
				F4B57CED254A0C12000B0148 /* Release */,
			);
			defaultConfigurationIsVisible = 0;
			defaultConfigurationName = Release;
		};
		F4B57CEE254A0C12000B0148 /* Build configuration list for PBXNativeTarget "DesignCode.v1" */ = {
			isa = XCConfigurationList;
			buildConfigurations = (
				F4B57CEF254A0C12000B0148 /* Debug */,
				F4B57CF0254A0C12000B0148 /* Release */,
			);
			defaultConfigurationIsVisible = 0;
			defaultConfigurationName = Release;
		};
/* End XCConfigurationList section */
	};
	rootObject = F4B57CD2254A0C0B000B0148 /* Project object */;
}
