// !$*UTF8*$!
{
	archiveVersion = 1;
	classes = {
	};
	objectVersion = 52;
	objects = {

/* Begin PBXBuildFile section */
		F430B9EC254C8BDF008932A8 /* UpdateDetail.swift in Sources */ = {isa = PBXBuildFile; fileRef = F430B9EB254C8BDF008932A8 /* UpdateDetail.swift */; };
		F430B9EF254C95AB008932A8 /* UpdateStore.swift in Sources */ = {isa = PBXBuildFile; fileRef = F430B9EE254C95AB008932A8 /* UpdateStore.swift */; };
		F430B9F3254CAB8D008932A8 /* Tabbar.swift in Sources */ = {isa = PBXBuildFile; fileRef = F430B9F2254CAB8D008932A8 /* Tabbar.swift */; };
		F430B9FE254CE777008932A8 /* RingView.swift in Sources */ = {isa = PBXBuildFile; fileRef = F430B9FD254CE777008932A8 /* RingView.swift */; };
		F431AC57254C6BF500C83DD1 /* UpdateList.swift in Sources */ = {isa = PBXBuildFile; fileRef = F431AC56254C6BF500C83DD1 /* UpdateList.swift */; };
		F431BC6E254DB72C000ECF98 /* Utilities.swift in Sources */ = {isa = PBXBuildFile; fileRef = F431BC6D254DB72C000ECF98 /* Utilities.swift */; };
		F431BC74254DBDF5000ECF98 /* Dosis in Resources */ = {isa = PBXBuildFile; fileRef = F431BC73254DBDF4000ECF98 /* Dosis */; };
		F431BC78254DFC5D000ECF98 /* CourseList.swift in Sources */ = {isa = PBXBuildFile; fileRef = F431BC77254DFC5D000ECF98 /* CourseList.swift */; };
		F434C2CC2550EE3F0074E478 /* SDWebImageSwiftUI in Frameworks */ = {isa = PBXBuildFile; productRef = F434C2CB2550EE3F0074E478 /* SDWebImageSwiftUI */; };
		F435F49C254B350000160E6D /* MenuView.swift in Sources */ = {isa = PBXBuildFile; fileRef = F435F49B254B350000160E6D /* MenuView.swift */; };
		F435F4A0254B848300160E6D /* Home.swift in Sources */ = {isa = PBXBuildFile; fileRef = F435F49F254B848300160E6D /* Home.swift */; };
		F435F4AA254B9F8300160E6D /* HomeView.swift in Sources */ = {isa = PBXBuildFile; fileRef = F435F4A9254B9F8300160E6D /* HomeView.swift */; };
		F43709922551E07F00B89BF6 /* BlurView.swift in Sources */ = {isa = PBXBuildFile; fileRef = F43709912551E07F00B89BF6 /* BlurView.swift */; };
		F47235DC25509B8F00FAC846 /* DataStore.swift in Sources */ = {isa = PBXBuildFile; fileRef = F47235DB25509B8F00FAC846 /* DataStore.swift */; };
		F47235E02550A43700FAC846 /* Contentful in Frameworks */ = {isa = PBXBuildFile; productRef = F47235DF2550A43700FAC846 /* Contentful */; };
		F47235E32550A82D00FAC846 /* CourseStore.swift in Sources */ = {isa = PBXBuildFile; fileRef = F47235E22550A82D00FAC846 /* CourseStore.swift */; };
		F4B4FD7D255072D600895907 /* CourseDetail.swift in Sources */ = {isa = PBXBuildFile; fileRef = F4B4FD7C255072D600895907 /* CourseDetail.swift */; };
		F4B4FD802550845300895907 /* Data.swift in Sources */ = {isa = PBXBuildFile; fileRef = F4B4FD7F2550845300895907 /* Data.swift */; };
		F4B4FD832550866800895907 /* PostList.swift in Sources */ = {isa = PBXBuildFile; fileRef = F4B4FD822550866800895907 /* PostList.swift */; };
		F4B57CDE254A0C0B000B0148 /* AppDelegate.swift in Sources */ = {isa = PBXBuildFile; fileRef = F4B57CDD254A0C0B000B0148 /* AppDelegate.swift */; };
		F4B57CE0254A0C0B000B0148 /* SceneDelegate.swift in Sources */ = {isa = PBXBuildFile; fileRef = F4B57CDF254A0C0B000B0148 /* SceneDelegate.swift */; };
		F4B57CE2254A0C0B000B0148 /* CertificatesView.swift in Sources */ = {isa = PBXBuildFile; fileRef = F4B57CE1254A0C0B000B0148 /* CertificatesView.swift */; };
		F4B57CE4254A0C12000B0148 /* Assets.xcassets in Resources */ = {isa = PBXBuildFile; fileRef = F4B57CE3254A0C12000B0148 /* Assets.xcassets */; };
		F4B57CE7254A0C12000B0148 /* Preview Assets.xcassets in Resources */ = {isa = PBXBuildFile; fileRef = F4B57CE6254A0C12000B0148 /* Preview Assets.xcassets */; };
		F4B57CEA254A0C12000B0148 /* LaunchScreen.storyboard in Resources */ = {isa = PBXBuildFile; fileRef = F4B57CE8254A0C12000B0148 /* LaunchScreen.storyboard */; };
/* End PBXBuildFile section */

/* Begin PBXFileReference section */
		F430B9EB254C8BDF008932A8 /* UpdateDetail.swift */ = {isa = PBXFileReference; lastKnownFileType = sourcecode.swift; path = UpdateDetail.swift; sourceTree = "<group>"; };
		F430B9EE254C95AB008932A8 /* UpdateStore.swift */ = {isa = PBXFileReference; lastKnownFileType = sourcecode.swift; path = UpdateStore.swift; sourceTree = "<group>"; };
		F430B9F2254CAB8D008932A8 /* Tabbar.swift */ = {isa = PBXFileReference; lastKnownFileType = sourcecode.swift; path = Tabbar.swift; sourceTree = "<group>"; };
		F430B9FD254CE777008932A8 /* RingView.swift */ = {isa = PBXFileReference; lastKnownFileType = sourcecode.swift; path = RingView.swift; sourceTree = "<group>"; };
		F431AC56254C6BF500C83DD1 /* UpdateList.swift */ = {isa = PBXFileReference; lastKnownFileType = sourcecode.swift; path = UpdateList.swift; sourceTree = "<group>"; };
		F431BC6D254DB72C000ECF98 /* Utilities.swift */ = {isa = PBXFileReference; lastKnownFileType = sourcecode.swift; path = Utilities.swift; sourceTree = "<group>"; };
		F431BC73254DBDF4000ECF98 /* Dosis */ = {isa = PBXFileReference; lastKnownFileType = folder; path = Dosis; sourceTree = "<group>"; };
		F431BC77254DFC5D000ECF98 /* CourseList.swift */ = {isa = PBXFileReference; lastKnownFileType = sourcecode.swift; path = CourseList.swift; sourceTree = "<group>"; };
		F435F49B254B350000160E6D /* MenuView.swift */ = {isa = PBXFileReference; lastKnownFileType = sourcecode.swift; path = MenuView.swift; sourceTree = "<group>"; };
		F435F49F254B848300160E6D /* Home.swift */ = {isa = PBXFileReference; lastKnownFileType = sourcecode.swift; path = Home.swift; sourceTree = "<group>"; };
		F435F4A9254B9F8300160E6D /* HomeView.swift */ = {isa = PBXFileReference; lastKnownFileType = sourcecode.swift; path = HomeView.swift; sourceTree = "<group>"; };
		F43709912551E07F00B89BF6 /* BlurView.swift */ = {isa = PBXFileReference; lastKnownFileType = sourcecode.swift; path = BlurView.swift; sourceTree = "<group>"; };
		F47235DB25509B8F00FAC846 /* DataStore.swift */ = {isa = PBXFileReference; lastKnownFileType = sourcecode.swift; path = DataStore.swift; sourceTree = "<group>"; };
		F47235E22550A82D00FAC846 /* CourseStore.swift */ = {isa = PBXFileReference; lastKnownFileType = sourcecode.swift; path = CourseStore.swift; sourceTree = "<group>"; };
		F4B4FD7C255072D600895907 /* CourseDetail.swift */ = {isa = PBXFileReference; lastKnownFileType = sourcecode.swift; path = CourseDetail.swift; sourceTree = "<group>"; };
		F4B4FD7F2550845300895907 /* Data.swift */ = {isa = PBXFileReference; lastKnownFileType = sourcecode.swift; path = Data.swift; sourceTree = "<group>"; };
		F4B4FD822550866800895907 /* PostList.swift */ = {isa = PBXFileReference; lastKnownFileType = sourcecode.swift; path = PostList.swift; sourceTree = "<group>"; };
		F4B57CDA254A0C0B000B0148 /* DesignCode.v2.app */ = {isa = PBXFileReference; explicitFileType = wrapper.application; includeInIndex = 0; path = DesignCode.v2.app; sourceTree = BUILT_PRODUCTS_DIR; };
		F4B57CDD254A0C0B000B0148 /* AppDelegate.swift */ = {isa = PBXFileReference; lastKnownFileType = sourcecode.swift; path = AppDelegate.swift; sourceTree = "<group>"; };
		F4B57CDF254A0C0B000B0148 /* SceneDelegate.swift */ = {isa = PBXFileReference; lastKnownFileType = sourcecode.swift; path = SceneDelegate.swift; sourceTree = "<group>"; };
		F4B57CE1254A0C0B000B0148 /* CertificatesView.swift */ = {isa = PBXFileReference; lastKnownFileType = sourcecode.swift; path = CertificatesView.swift; sourceTree = "<group>"; };
		F4B57CE3254A0C12000B0148 /* Assets.xcassets */ = {isa = PBXFileReference; lastKnownFileType = folder.assetcatalog; path = Assets.xcassets; sourceTree = "<group>"; };
		F4B57CE6254A0C12000B0148 /* Preview Assets.xcassets */ = {isa = PBXFileReference; lastKnownFileType = folder.assetcatalog; path = "Preview Assets.xcassets"; sourceTree = "<group>"; };
		F4B57CE9254A0C12000B0148 /* Base */ = {isa = PBXFileReference; lastKnownFileType = file.storyboard; name = Base; path = Base.lproj/LaunchScreen.storyboard; sourceTree = "<group>"; };
		F4B57CEB254A0C12000B0148 /* Info.plist */ = {isa = PBXFileReference; lastKnownFileType = text.plist.xml; path = Info.plist; sourceTree = "<group>"; };
/* End PBXFileReference section */

/* Begin PBXFrameworksBuildPhase section */
		F4B57CD7254A0C0B000B0148 /* Frameworks */ = {
			isa = PBXFrameworksBuildPhase;
			buildActionMask = 2147483647;
			files = (
				F434C2CC2550EE3F0074E478 /* SDWebImageSwiftUI in Frameworks */,
				F47235E02550A43700FAC846 /* Contentful in Frameworks */,
			);
			runOnlyForDeploymentPostprocessing = 0;
		};
/* End PBXFrameworksBuildPhase section */

/* Begin PBXGroup section */
		F430BA00254CE781008932A8 /* UIDetail */ = {
			isa = PBXGroup;
			children = (
				F430B9FD254CE777008932A8 /* RingView.swift */,
				F43709912551E07F00B89BF6 /* BlurView.swift */,
				F431BC77254DFC5D000ECF98 /* CourseList.swift */,
				F4B4FD7C255072D600895907 /* CourseDetail.swift */,
				F435F4A9254B9F8300160E6D /* HomeView.swift */,
				F435F49B254B350000160E6D /* MenuView.swift */,
				F431AC56254C6BF500C83DD1 /* UpdateList.swift */,
				F4B4FD822550866800895907 /* PostList.swift */,
				F430B9EB254C8BDF008932A8 /* UpdateDetail.swift */,
			);
			path = UIDetail;
			sourceTree = "<group>";
		};
		F430BA01254CE7A0008932A8 /* Combine */ = {
			isa = PBXGroup;
			children = (
				F430B9EE254C95AB008932A8 /* UpdateStore.swift */,
				F47235DB25509B8F00FAC846 /* DataStore.swift */,
				F47235E22550A82D00FAC846 /* CourseStore.swift */,
			);
			path = Combine;
			sourceTree = "<group>";
		};
		F431BC70254DB730000ECF98 /* Helper */ = {
			isa = PBXGroup;
			children = (
				F431BC6D254DB72C000ECF98 /* Utilities.swift */,
				F4B4FD7F2550845300895907 /* Data.swift */,
			);
			path = Helper;
			sourceTree = "<group>";
		};
		F435F49A254B34DD00160E6D /* Screens */ = {
			isa = PBXGroup;
			children = (
				F430B9F2254CAB8D008932A8 /* Tabbar.swift */,
				F435F49F254B848300160E6D /* Home.swift */,
				F4B57CE1254A0C0B000B0148 /* CertificatesView.swift */,
				F430BA01254CE7A0008932A8 /* Combine */,
				F430BA00254CE781008932A8 /* UIDetail */,
			);
			path = Screens;
			sourceTree = "<group>";
		};
		F4B57CD1254A0C0B000B0148 = {
			isa = PBXGroup;
			children = (
				F4B57CDC254A0C0B000B0148 /* DesignCode.v1 */,
				F4B57CDB254A0C0B000B0148 /* Products */,
			);
			sourceTree = "<group>";
		};
		F4B57CDB254A0C0B000B0148 /* Products */ = {
			isa = PBXGroup;
			children = (
				F4B57CDA254A0C0B000B0148 /* DesignCode.v2.app */,
			);
			name = Products;
			sourceTree = "<group>";
		};
		F4B57CDC254A0C0B000B0148 /* DesignCode.v1 */ = {
			isa = PBXGroup;
			children = (
				F4B57CDD254A0C0B000B0148 /* AppDelegate.swift */,
				F4B57CDF254A0C0B000B0148 /* SceneDelegate.swift */,
				F431BC70254DB730000ECF98 /* Helper */,
				F435F49A254B34DD00160E6D /* Screens */,
				F4B57CE3254A0C12000B0148 /* Assets.xcassets */,
				F431BC73254DBDF4000ECF98 /* Dosis */,
				F4B57CE8254A0C12000B0148 /* LaunchScreen.storyboard */,
				F4B57CEB254A0C12000B0148 /* Info.plist */,
				F4B57CE5254A0C12000B0148 /* Preview Content */,
			);
			path = DesignCode.v1;
			sourceTree = "<group>";
		};
		F4B57CE5254A0C12000B0148 /* Preview Content */ = {
			isa = PBXGroup;
			children = (
				F4B57CE6254A0C12000B0148 /* Preview Assets.xcassets */,
			);
			path = "Preview Content";
			sourceTree = "<group>";
		};
/* End PBXGroup section */

/* Begin PBXNativeTarget section */
		F4B57CD9254A0C0B000B0148 /* DesignCode.v2 */ = {
			isa = PBXNativeTarget;
			buildConfigurationList = F4B57CEE254A0C12000B0148 /* Build configuration list for PBXNativeTarget "DesignCode.v2" */;
			buildPhases = (
				F4B57CD6254A0C0B000B0148 /* Sources */,
				F4B57CD7254A0C0B000B0148 /* Frameworks */,
				F4B57CD8254A0C0B000B0148 /* Resources */,
			);
			buildRules = (
			);
			dependencies = (
			);
			name = DesignCode.v2;
			packageProductDependencies = (
				F47235DF2550A43700FAC846 /* Contentful */,
				F434C2CB2550EE3F0074E478 /* SDWebImageSwiftUI */,
			);
			productName = DesignCode.v1;
			productReference = F4B57CDA254A0C0B000B0148 /* DesignCode.v2.app */;
			productType = "com.apple.product-type.application";
		};
/* End PBXNativeTarget section */

/* Begin PBXProject section */
		F4B57CD2254A0C0B000B0148 /* Project object */ = {
			isa = PBXProject;
			attributes = {
				LastSwiftUpdateCheck = 1200;
				LastUpgradeCheck = 1200;
				TargetAttributes = {
					F4B57CD9254A0C0B000B0148 = {
						CreatedOnToolsVersion = 12.0;
					};
				};
			};
			buildConfigurationList = F4B57CD5254A0C0B000B0148 /* Build configuration list for PBXProject "DesignCode.v2" */;
			compatibilityVersion = "Xcode 9.3";
			developmentRegion = en;
			hasScannedForEncodings = 0;
			knownRegions = (
				en,
				Base,
			);
			mainGroup = F4B57CD1254A0C0B000B0148;
			packageReferences = (
				F47235DE2550A43700FAC846 /* XCRemoteSwiftPackageReference "contentful.swift" */,
				F434C2CA2550EE3F0074E478 /* XCRemoteSwiftPackageReference "SDWebImageSwiftUI" */,
			);
			productRefGroup = F4B57CDB254A0C0B000B0148 /* Products */;
			projectDirPath = "";
			projectRoot = "";
			targets = (
				F4B57CD9254A0C0B000B0148 /* DesignCode.v2 */,
			);
		};
/* End PBXProject section */

/* Begin PBXResourcesBuildPhase section */
		F4B57CD8254A0C0B000B0148 /* Resources */ = {
			isa = PBXResourcesBuildPhase;
			buildActionMask = 2147483647;
			files = (
				F4B57CEA254A0C12000B0148 /* LaunchScreen.storyboard in Resources */,
				F4B57CE7254A0C12000B0148 /* Preview Assets.xcassets in Resources */,
				F4B57CE4254A0C12000B0148 /* Assets.xcassets in Resources */,
				F431BC74254DBDF5000ECF98 /* Dosis in Resources */,
			);
			runOnlyForDeploymentPostprocessing = 0;
		};
/* End PBXResourcesBuildPhase section */

/* Begin PBXSourcesBuildPhase section */
		F4B57CD6254A0C0B000B0148 /* Sources */ = {
			isa = PBXSourcesBuildPhase;
			buildActionMask = 2147483647;
			files = (
				F47235E32550A82D00FAC846 /* CourseStore.swift in Sources */,
				F4B57CDE254A0C0B000B0148 /* AppDelegate.swift in Sources */,
				F4B4FD802550845300895907 /* Data.swift in Sources */,
				F47235DC25509B8F00FAC846 /* DataStore.swift in Sources */,
				F430B9F3254CAB8D008932A8 /* Tabbar.swift in Sources */,
				F430B9EF254C95AB008932A8 /* UpdateStore.swift in Sources */,
				F431AC57254C6BF500C83DD1 /* UpdateList.swift in Sources */,
				F435F49C254B350000160E6D /* MenuView.swift in Sources */,
				F430B9FE254CE777008932A8 /* RingView.swift in Sources */,
				F431BC6E254DB72C000ECF98 /* Utilities.swift in Sources */,
				F430B9EC254C8BDF008932A8 /* UpdateDetail.swift in Sources */,
				F4B57CE0254A0C0B000B0148 /* SceneDelegate.swift in Sources */,
				F435F4A0254B848300160E6D /* Home.swift in Sources */,
				F4B4FD832550866800895907 /* PostList.swift in Sources */,
				F435F4AA254B9F8300160E6D /* HomeView.swift in Sources */,
				F4B4FD7D255072D600895907 /* CourseDetail.swift in Sources */,
				F43709922551E07F00B89BF6 /* BlurView.swift in Sources */,
				F4B57CE2254A0C0B000B0148 /* CertificatesView.swift in Sources */,
				F431BC78254DFC5D000ECF98 /* CourseList.swift in Sources */,
			);
			runOnlyForDeploymentPostprocessing = 0;
		};
/* End PBXSourcesBuildPhase section */

/* Begin PBXVariantGroup section */
		F4B57CE8254A0C12000B0148 /* LaunchScreen.storyboard */ = {
			isa = PBXVariantGroup;
			children = (
				F4B57CE9254A0C12000B0148 /* Base */,
			);
			name = LaunchScreen.storyboard;
			sourceTree = "<group>";
		};
/* End PBXVariantGroup section */

/* Begin XCBuildConfiguration section */
		F4B57CEC254A0C12000B0148 /* Debug */ = {
			isa = XCBuildConfiguration;
			buildSettings = {
				ALWAYS_SEARCH_USER_PATHS = NO;
				CLANG_ANALYZER_NONNULL = YES;
				CLANG_ANALYZER_NUMBER_OBJECT_CONVERSION = YES_AGGRESSIVE;
				CLANG_CXX_LANGUAGE_STANDARD = "gnu++14";
				CLANG_CXX_LIBRARY = "libc++";
				CLANG_ENABLE_MODULES = YES;
				CLANG_ENABLE_OBJC_ARC = YES;
				CLANG_ENABLE_OBJC_WEAK = YES;
				CLANG_WARN_BLOCK_CAPTURE_AUTORELEASING = YES;
				CLANG_WARN_BOOL_CONVERSION = YES;
				CLANG_WARN_COMMA = YES;
				CLANG_WARN_CONSTANT_CONVERSION = YES;
				CLANG_WARN_DEPRECATED_OBJC_IMPLEMENTATIONS = YES;
				CLANG_WARN_DIRECT_OBJC_ISA_USAGE = YES_ERROR;
				CLANG_WARN_DOCUMENTATION_COMMENTS = YES;
				CLANG_WARN_EMPTY_BODY = YES;
				CLANG_WARN_ENUM_CONVERSION = YES;
				CLANG_WARN_INFINITE_RECURSION = YES;
				CLANG_WARN_INT_CONVERSION = YES;
				CLANG_WARN_NON_LITERAL_NULL_CONVERSION = YES;
				CLANG_WARN_OBJC_IMPLICIT_RETAIN_SELF = YES;
				CLANG_WARN_OBJC_LITERAL_CONVERSION = YES;
				CLANG_WARN_OBJC_ROOT_CLASS = YES_ERROR;
				CLANG_WARN_QUOTED_INCLUDE_IN_FRAMEWORK_HEADER = YES;
				CLANG_WARN_RANGE_LOOP_ANALYSIS = YES;
				CLANG_WARN_STRICT_PROTOTYPES = YES;
				CLANG_WARN_SUSPICIOUS_MOVE = YES;
				CLANG_WARN_UNGUARDED_AVAILABILITY = YES_AGGRESSIVE;
				CLANG_WARN_UNREACHABLE_CODE = YES;
				CLANG_WARN__DUPLICATE_METHOD_MATCH = YES;
				COPY_PHASE_STRIP = NO;
				DEBUG_INFORMATION_FORMAT = dwarf;
				ENABLE_STRICT_OBJC_MSGSEND = YES;
				ENABLE_TESTABILITY = YES;
				GCC_C_LANGUAGE_STANDARD = gnu11;
				GCC_DYNAMIC_NO_PIC = NO;
				GCC_NO_COMMON_BLOCKS = YES;
				GCC_OPTIMIZATION_LEVEL = 0;
				GCC_PREPROCESSOR_DEFINITIONS = (
					"DEBUG=1",
					"$(inherited)",
				);
				GCC_WARN_64_TO_32_BIT_CONVERSION = YES;
				GCC_WARN_ABOUT_RETURN_TYPE = YES_ERROR;
				GCC_WARN_UNDECLARED_SELECTOR = YES;
				GCC_WARN_UNINITIALIZED_AUTOS = YES_AGGRESSIVE;
				GCC_WARN_UNUSED_FUNCTION = YES;
				GCC_WARN_UNUSED_VARIABLE = YES;
				IPHONEOS_DEPLOYMENT_TARGET = 14.0;
				MTL_ENABLE_DEBUG_INFO = INCLUDE_SOURCE;
				MTL_FAST_MATH = YES;
				ONLY_ACTIVE_ARCH = YES;
				SDKROOT = iphoneos;
				SWIFT_ACTIVE_COMPILATION_CONDITIONS = DEBUG;
				SWIFT_OPTIMIZATION_LEVEL = "-Onone";
			};
			name = Debug;
		};
		F4B57CED254A0C12000B0148 /* Release */ = {
			isa = XCBuildConfiguration;
			buildSettings = {
				ALWAYS_SEARCH_USER_PATHS = NO;
				CLANG_ANALYZER_NONNULL = YES;
				CLANG_ANALYZER_NUMBER_OBJECT_CONVERSION = YES_AGGRESSIVE;
				CLANG_CXX_LANGUAGE_STANDARD = "gnu++14";
				CLANG_CXX_LIBRARY = "libc++";
				CLANG_ENABLE_MODULES = YES;
				CLANG_ENABLE_OBJC_ARC = YES;
				CLANG_ENABLE_OBJC_WEAK = YES;
				CLANG_WARN_BLOCK_CAPTURE_AUTORELEASING = YES;
				CLANG_WARN_BOOL_CONVERSION = YES;
				CLANG_WARN_COMMA = YES;
				CLANG_WARN_CONSTANT_CONVERSION = YES;
				CLANG_WARN_DEPRECATED_OBJC_IMPLEMENTATIONS = YES;
				CLANG_WARN_DIRECT_OBJC_ISA_USAGE = YES_ERROR;
				CLANG_WARN_DOCUMENTATION_COMMENTS = YES;
				CLANG_WARN_EMPTY_BODY = YES;
				CLANG_WARN_ENUM_CONVERSION = YES;
				CLANG_WARN_INFINITE_RECURSION = YES;
				CLANG_WARN_INT_CONVERSION = YES;
				CLANG_WARN_NON_LITERAL_NULL_CONVERSION = YES;
				CLANG_WARN_OBJC_IMPLICIT_RETAIN_SELF = YES;
				CLANG_WARN_OBJC_LITERAL_CONVERSION = YES;
				CLANG_WARN_OBJC_ROOT_CLASS = YES_ERROR;
				CLANG_WARN_QUOTED_INCLUDE_IN_FRAMEWORK_HEADER = YES;
				CLANG_WARN_RANGE_LOOP_ANALYSIS = YES;
				CLANG_WARN_STRICT_PROTOTYPES = YES;
				CLANG_WARN_SUSPICIOUS_MOVE = YES;
				CLANG_WARN_UNGUARDED_AVAILABILITY = YES_AGGRESSIVE;
				CLANG_WARN_UNREACHABLE_CODE = YES;
				CLANG_WARN__DUPLICATE_METHOD_MATCH = YES;
				COPY_PHASE_STRIP = NO;
				DEBUG_INFORMATION_FORMAT = "dwarf-with-dsym";
				ENABLE_NS_ASSERTIONS = NO;
				ENABLE_STRICT_OBJC_MSGSEND = YES;
				GCC_C_LANGUAGE_STANDARD = gnu11;
				GCC_NO_COMMON_BLOCKS = YES;
				GCC_WARN_64_TO_32_BIT_CONVERSION = YES;
				GCC_WARN_ABOUT_RETURN_TYPE = YES_ERROR;
				GCC_WARN_UNDECLARED_SELECTOR = YES;
				GCC_WARN_UNINITIALIZED_AUTOS = YES_AGGRESSIVE;
				GCC_WARN_UNUSED_FUNCTION = YES;
				GCC_WARN_UNUSED_VARIABLE = YES;
				IPHONEOS_DEPLOYMENT_TARGET = 14.0;
				MTL_ENABLE_DEBUG_INFO = NO;
				MTL_FAST_MATH = YES;
				SDKROOT = iphoneos;
				SWIFT_COMPILATION_MODE = wholemodule;
				SWIFT_OPTIMIZATION_LEVEL = "-O";
				VALIDATE_PRODUCT = YES;
			};
			name = Release;
		};
		F4B57CEF254A0C12000B0148 /* Debug */ = {
			isa = XCBuildConfiguration;
			buildSettings = {
				ASSETCATALOG_COMPILER_APPICON_NAME = AppIcon;
				ASSETCATALOG_COMPILER_GLOBAL_ACCENT_COLOR_NAME = AccentColor;
				CODE_SIGN_STYLE = Automatic;
				DEVELOPMENT_ASSET_PATHS = "\"DesignCode.v1/Preview Content\"";
				DEVELOPMENT_TEAM = 9G2243U9KY;
				ENABLE_PREVIEWS = YES;
				INFOPLIST_FILE = DesignCode.v1/Info.plist;
				LD_RUNPATH_SEARCH_PATHS = (
					"$(inherited)",
					"@executable_path/Frameworks",
				);
				PRODUCT_BUNDLE_IDENTIFIER = "TeeksCode.DesignCode-v2";
				PRODUCT_NAME = "$(TARGET_NAME)";
				SWIFT_VERSION = 5.0;
				TARGETED_DEVICE_FAMILY = "1,2";
			};
			name = Debug;
		};
		F4B57CF0254A0C12000B0148 /* Release */ = {
			isa = XCBuildConfiguration;
			buildSettings = {
				ASSETCATALOG_COMPILER_APPICON_NAME = AppIcon;
				ASSETCATALOG_COMPILER_GLOBAL_ACCENT_COLOR_NAME = AccentColor;
				CODE_SIGN_STYLE = Automatic;
				DEVELOPMENT_ASSET_PATHS = "\"DesignCode.v1/Preview Content\"";
				DEVELOPMENT_TEAM = 9G2243U9KY;
				ENABLE_PREVIEWS = YES;
				INFOPLIST_FILE = DesignCode.v1/Info.plist;
				LD_RUNPATH_SEARCH_PATHS = (
					"$(inherited)",
					"@executable_path/Frameworks",
				);
				PRODUCT_BUNDLE_IDENTIFIER = "TeeksCode.DesignCode-v2";
				PRODUCT_NAME = "$(TARGET_NAME)";
				SWIFT_VERSION = 5.0;
				TARGETED_DEVICE_FAMILY = "1,2";
			};
			name = Release;
		};
/* End XCBuildConfiguration section */

/* Begin XCConfigurationList section */
		F4B57CD5254A0C0B000B0148 /* Build configuration list for PBXProject "DesignCode.v2" */ = {
			isa = XCConfigurationList;
			buildConfigurations = (
				F4B57CEC254A0C12000B0148 /* Debug */,
				F4B57CED254A0C12000B0148 /* Release */,
			);
			defaultConfigurationIsVisible = 0;
			defaultConfigurationName = Release;
		};
		F4B57CEE254A0C12000B0148 /* Build configuration list for PBXNativeTarget "DesignCode.v2" */ = {
			isa = XCConfigurationList;
			buildConfigurations = (
				F4B57CEF254A0C12000B0148 /* Debug */,
				F4B57CF0254A0C12000B0148 /* Release */,
			);
			defaultConfigurationIsVisible = 0;
			defaultConfigurationName = Release;
		};
/* End XCConfigurationList section */

/* Begin XCRemoteSwiftPackageReference section */
		F434C2CA2550EE3F0074E478 /* XCRemoteSwiftPackageReference "SDWebImageSwiftUI" */ = {
			isa = XCRemoteSwiftPackageReference;
			repositoryURL = "https://github.com/SDWebImage/SDWebImageSwiftUI.git";
			requirement = {
				kind = upToNextMajorVersion;
				minimumVersion = 1.5.0;
			};
		};
		F47235DE2550A43700FAC846 /* XCRemoteSwiftPackageReference "contentful.swift" */ = {
			isa = XCRemoteSwiftPackageReference;
			repositoryURL = "https://github.com/contentful/contentful.swift.git";
			requirement = {
				kind = upToNextMajorVersion;
				minimumVersion = 5.3.0;
			};
		};
/* End XCRemoteSwiftPackageReference section */

/* Begin XCSwiftPackageProductDependency section */
		F434C2CB2550EE3F0074E478 /* SDWebImageSwiftUI */ = {
			isa = XCSwiftPackageProductDependency;
			package = F434C2CA2550EE3F0074E478 /* XCRemoteSwiftPackageReference "SDWebImageSwiftUI" */;
			productName = SDWebImageSwiftUI;
		};
		F47235DF2550A43700FAC846 /* Contentful */ = {
			isa = XCSwiftPackageProductDependency;
			package = F47235DE2550A43700FAC846 /* XCRemoteSwiftPackageReference "contentful.swift" */;
			productName = Contentful;
		};
/* End XCSwiftPackageProductDependency section */
	};
	rootObject = F4B57CD2254A0C0B000B0148 /* Project object */;
}
