// !$*UTF8*$!
{
	archiveVersion = 1;
	classes = {
	};
	objectVersion = 50;
	objects = {

/* Begin PBXBuildFile section */
		F434B2C725619A3B00D7A9FD /* Course.swift in Sources */ = {isa = PBXBuildFile; fileRef = F434B2C625619A3B00D7A9FD /* Course.swift */; };
		F434B2C825619A3B00D7A9FD /* Course.swift in Sources */ = {isa = PBXBuildFile; fileRef = F434B2C625619A3B00D7A9FD /* Course.swift */; };
		F4758938255A279D003C2C6D /* DesignCode_iOS14App.swift in Sources */ = {isa = PBXBuildFile; fileRef = F4758925255A2797003C2C6D /* DesignCode_iOS14App.swift */; };
		F4758939255A279D003C2C6D /* DesignCode_iOS14App.swift in Sources */ = {isa = PBXBuildFile; fileRef = F4758925255A2797003C2C6D /* DesignCode_iOS14App.swift */; };
		F475893A255A279E003C2C6D /* ContentView.swift in Sources */ = {isa = PBXBuildFile; fileRef = F4758926255A2797003C2C6D /* ContentView.swift */; };
		F475893B255A279E003C2C6D /* ContentView.swift in Sources */ = {isa = PBXBuildFile; fileRef = F4758926255A2797003C2C6D /* ContentView.swift */; };
		F475893C255A279E003C2C6D /* Assets.xcassets in Resources */ = {isa = PBXBuildFile; fileRef = F4758927255A279D003C2C6D /* Assets.xcassets */; };
		F475893D255A279E003C2C6D /* Assets.xcassets in Resources */ = {isa = PBXBuildFile; fileRef = F4758927255A279D003C2C6D /* Assets.xcassets */; };
		F4758949255A3788003C2C6D /* CourseRow.swift in Sources */ = {isa = PBXBuildFile; fileRef = F4758948255A3788003C2C6D /* CourseRow.swift */; };
		F475894A255A3788003C2C6D /* CourseRow.swift in Sources */ = {isa = PBXBuildFile; fileRef = F4758948255A3788003C2C6D /* CourseRow.swift */; };
		F475894E255A3A8C003C2C6D /* CoursesView.swift in Sources */ = {isa = PBXBuildFile; fileRef = F475894D255A3A8C003C2C6D /* CoursesView.swift */; };
		F475894F255A3A8C003C2C6D /* CoursesView.swift in Sources */ = {isa = PBXBuildFile; fileRef = F475894D255A3A8C003C2C6D /* CoursesView.swift */; };
		F4758953255A3BBC003C2C6D /* Sidebar.swift in Sources */ = {isa = PBXBuildFile; fileRef = F4758952255A3BBC003C2C6D /* Sidebar.swift */; };
		F4758954255A3BBC003C2C6D /* Sidebar.swift in Sources */ = {isa = PBXBuildFile; fileRef = F4758952255A3BBC003C2C6D /* Sidebar.swift */; };
		F4EBBC10255B8D6E000A0EBA /* CourseItem.swift in Sources */ = {isa = PBXBuildFile; fileRef = F4EBBC0F255B8D6E000A0EBA /* CourseItem.swift */; };
		F4EBBC11255B8D6E000A0EBA /* CourseItem.swift in Sources */ = {isa = PBXBuildFile; fileRef = F4EBBC0F255B8D6E000A0EBA /* CourseItem.swift */; };
		F4EBBC18255B8EFA000A0EBA /* CourseList.swift in Sources */ = {isa = PBXBuildFile; fileRef = F4EBBC17255B8EFA000A0EBA /* CourseList.swift */; };
		F4EBBC19255B8EFA000A0EBA /* CourseList.swift in Sources */ = {isa = PBXBuildFile; fileRef = F4EBBC17255B8EFA000A0EBA /* CourseList.swift */; };
/* End PBXBuildFile section */

/* Begin PBXFileReference section */
		F434B2C625619A3B00D7A9FD /* Course.swift */ = {isa = PBXFileReference; lastKnownFileType = sourcecode.swift; path = Course.swift; sourceTree = "<group>"; };
		F4758925255A2797003C2C6D /* DesignCode_iOS14App.swift */ = {isa = PBXFileReference; lastKnownFileType = sourcecode.swift; path = DesignCode_iOS14App.swift; sourceTree = "<group>"; };
		F4758926255A2797003C2C6D /* ContentView.swift */ = {isa = PBXFileReference; lastKnownFileType = sourcecode.swift; path = ContentView.swift; sourceTree = "<group>"; };
		F4758927255A279D003C2C6D /* Assets.xcassets */ = {isa = PBXFileReference; lastKnownFileType = folder.assetcatalog; path = Assets.xcassets; sourceTree = "<group>"; };
		F475892C255A279D003C2C6D /* DesignCode.iOS14.app */ = {isa = PBXFileReference; explicitFileType = wrapper.application; includeInIndex = 0; path = DesignCode.iOS14.app; sourceTree = BUILT_PRODUCTS_DIR; };
		F475892F255A279D003C2C6D /* Info.plist */ = {isa = PBXFileReference; lastKnownFileType = text.plist.xml; path = Info.plist; sourceTree = "<group>"; };
		F4758934255A279D003C2C6D /* DesignCode.iOS14.app */ = {isa = PBXFileReference; explicitFileType = wrapper.application; includeInIndex = 0; path = DesignCode.iOS14.app; sourceTree = BUILT_PRODUCTS_DIR; };
		F4758936255A279D003C2C6D /* Info.plist */ = {isa = PBXFileReference; lastKnownFileType = text.plist.xml; path = Info.plist; sourceTree = "<group>"; };
		F4758937255A279D003C2C6D /* macOS.entitlements */ = {isa = PBXFileReference; lastKnownFileType = text.plist.entitlements; path = macOS.entitlements; sourceTree = "<group>"; };
		F4758948255A3788003C2C6D /* CourseRow.swift */ = {isa = PBXFileReference; lastKnownFileType = sourcecode.swift; path = CourseRow.swift; sourceTree = "<group>"; };
		F475894D255A3A8C003C2C6D /* CoursesView.swift */ = {isa = PBXFileReference; lastKnownFileType = sourcecode.swift; path = CoursesView.swift; sourceTree = "<group>"; };
		F4758952255A3BBC003C2C6D /* Sidebar.swift */ = {isa = PBXFileReference; lastKnownFileType = sourcecode.swift; path = Sidebar.swift; sourceTree = "<group>"; };
		F4EBBC0F255B8D6E000A0EBA /* CourseItem.swift */ = {isa = PBXFileReference; lastKnownFileType = sourcecode.swift; path = CourseItem.swift; sourceTree = "<group>"; };
		F4EBBC17255B8EFA000A0EBA /* CourseList.swift */ = {isa = PBXFileReference; lastKnownFileType = sourcecode.swift; path = CourseList.swift; sourceTree = "<group>"; };
/* End PBXFileReference section */

/* Begin PBXFrameworksBuildPhase section */
		F4758929255A279D003C2C6D /* Frameworks */ = {
			isa = PBXFrameworksBuildPhase;
			buildActionMask = 2147483647;
			files = (
			);
			runOnlyForDeploymentPostprocessing = 0;
		};
		F4758931255A279D003C2C6D /* Frameworks */ = {
			isa = PBXFrameworksBuildPhase;
			buildActionMask = 2147483647;
			files = (
			);
			runOnlyForDeploymentPostprocessing = 0;
		};
/* End PBXFrameworksBuildPhase section */

/* Begin PBXGroup section */
		F434B2C525619A2600D7A9FD /* Model */ = {
			isa = PBXGroup;
			children = (
				F434B2C625619A3B00D7A9FD /* Course.swift */,
			);
			path = Model;
			sourceTree = "<group>";
		};
		F475891F255A2796003C2C6D = {
			isa = PBXGroup;
			children = (
				F4758924255A2797003C2C6D /* Shared */,
				F475892E255A279D003C2C6D /* iOS */,
				F4758935255A279D003C2C6D /* macOS */,
				F475892D255A279D003C2C6D /* Products */,
			);
			sourceTree = "<group>";
		};
		F4758924255A2797003C2C6D /* Shared */ = {
			isa = PBXGroup;
			children = (
				F4758925255A2797003C2C6D /* DesignCode_iOS14App.swift */,
				F434B2C525619A2600D7A9FD /* Model */,
				F4EBBC0B255B8BF1000A0EBA /* Navigation */,
				F4EBBC0C255B8C01000A0EBA /* Items */,
				F475894D255A3A8C003C2C6D /* CoursesView.swift */,
				F4758927255A279D003C2C6D /* Assets.xcassets */,
			);
			path = Shared;
			sourceTree = "<group>";
		};
		F475892D255A279D003C2C6D /* Products */ = {
			isa = PBXGroup;
			children = (
				F475892C255A279D003C2C6D /* DesignCode.iOS14.app */,
				F4758934255A279D003C2C6D /* DesignCode.iOS14.app */,
			);
			name = Products;
			sourceTree = "<group>";
		};
		F475892E255A279D003C2C6D /* iOS */ = {
			isa = PBXGroup;
			children = (
				F475892F255A279D003C2C6D /* Info.plist */,
			);
			path = iOS;
			sourceTree = "<group>";
		};
		F4758935255A279D003C2C6D /* macOS */ = {
			isa = PBXGroup;
			children = (
				F4758936255A279D003C2C6D /* Info.plist */,
				F4758937255A279D003C2C6D /* macOS.entitlements */,
			);
			path = macOS;
			sourceTree = "<group>";
		};
		F4EBBC0B255B8BF1000A0EBA /* Navigation */ = {
			isa = PBXGroup;
			children = (
				F4758952255A3BBC003C2C6D /* Sidebar.swift */,
				F4758926255A2797003C2C6D /* ContentView.swift */,
			);
			path = Navigation;
			sourceTree = "<group>";
		};
		F4EBBC0C255B8C01000A0EBA /* Items */ = {
			isa = PBXGroup;
			children = (
				F4EBBC0F255B8D6E000A0EBA /* CourseItem.swift */,
				F4758948255A3788003C2C6D /* CourseRow.swift */,
				F4EBBC17255B8EFA000A0EBA /* CourseList.swift */,
			);
			path = Items;
			sourceTree = "<group>";
		};
/* End PBXGroup section */

/* Begin PBXNativeTarget section */
		F475892B255A279D003C2C6D /* DesignCode.iOS14 (iOS) */ = {
			isa = PBXNativeTarget;
			buildConfigurationList = F4758940255A279E003C2C6D /* Build configuration list for PBXNativeTarget "DesignCode.iOS14 (iOS)" */;
			buildPhases = (
				F4758928255A279D003C2C6D /* Sources */,
				F4758929255A279D003C2C6D /* Frameworks */,
				F475892A255A279D003C2C6D /* Resources */,
			);
			buildRules = (
			);
			dependencies = (
			);
			name = "DesignCode.iOS14 (iOS)";
			productName = "DesignCode.iOS14 (iOS)";
			productReference = F475892C255A279D003C2C6D /* DesignCode.iOS14.app */;
			productType = "com.apple.product-type.application";
		};
		F4758933255A279D003C2C6D /* DesignCode.iOS14 (macOS) */ = {
			isa = PBXNativeTarget;
			buildConfigurationList = F4758943255A279E003C2C6D /* Build configuration list for PBXNativeTarget "DesignCode.iOS14 (macOS)" */;
			buildPhases = (
				F4758930255A279D003C2C6D /* Sources */,
				F4758931255A279D003C2C6D /* Frameworks */,
				F4758932255A279D003C2C6D /* Resources */,
			);
			buildRules = (
			);
			dependencies = (
			);
			name = "DesignCode.iOS14 (macOS)";
			productName = "DesignCode.iOS14 (macOS)";
			productReference = F4758934255A279D003C2C6D /* DesignCode.iOS14.app */;
			productType = "com.apple.product-type.application";
		};
/* End PBXNativeTarget section */

/* Begin PBXProject section */
		F4758920255A2796003C2C6D /* Project object */ = {
			isa = PBXProject;
			attributes = {
				LastSwiftUpdateCheck = 1220;
				LastUpgradeCheck = 1220;
				TargetAttributes = {
					F475892B255A279D003C2C6D = {
						CreatedOnToolsVersion = 12.2;
					};
					F4758933255A279D003C2C6D = {
						CreatedOnToolsVersion = 12.2;
					};
				};
			};
			buildConfigurationList = F4758923255A2796003C2C6D /* Build configuration list for PBXProject "DesignCode.iOS14" */;
			compatibilityVersion = "Xcode 9.3";
			developmentRegion = en;
			hasScannedForEncodings = 0;
			knownRegions = (
				en,
				Base,
			);
			mainGroup = F475891F255A2796003C2C6D;
			productRefGroup = F475892D255A279D003C2C6D /* Products */;
			projectDirPath = "";
			projectRoot = "";
			targets = (
				F475892B255A279D003C2C6D /* DesignCode.iOS14 (iOS) */,
				F4758933255A279D003C2C6D /* DesignCode.iOS14 (macOS) */,
			);
		};
/* End PBXProject section */

/* Begin PBXResourcesBuildPhase section */
		F475892A255A279D003C2C6D /* Resources */ = {
			isa = PBXResourcesBuildPhase;
			buildActionMask = 2147483647;
			files = (
				F475893C255A279E003C2C6D /* Assets.xcassets in Resources */,
			);
			runOnlyForDeploymentPostprocessing = 0;
		};
		F4758932255A279D003C2C6D /* Resources */ = {
			isa = PBXResourcesBuildPhase;
			buildActionMask = 2147483647;
			files = (
				F475893D255A279E003C2C6D /* Assets.xcassets in Resources */,
			);
			runOnlyForDeploymentPostprocessing = 0;
		};
/* End PBXResourcesBuildPhase section */

/* Begin PBXSourcesBuildPhase section */
		F4758928255A279D003C2C6D /* Sources */ = {
			isa = PBXSourcesBuildPhase;
			buildActionMask = 2147483647;
			files = (
				F434B2C725619A3B00D7A9FD /* Course.swift in Sources */,
				F4758953255A3BBC003C2C6D /* Sidebar.swift in Sources */,
				F4EBBC10255B8D6E000A0EBA /* CourseItem.swift in Sources */,
				F475893A255A279E003C2C6D /* ContentView.swift in Sources */,
				F4758949255A3788003C2C6D /* CourseRow.swift in Sources */,
				F4758938255A279D003C2C6D /* DesignCode_iOS14App.swift in Sources */,
				F475894E255A3A8C003C2C6D /* CoursesView.swift in Sources */,
				F4EBBC18255B8EFA000A0EBA /* CourseList.swift in Sources */,
			);
			runOnlyForDeploymentPostprocessing = 0;
		};
		F4758930255A279D003C2C6D /* Sources */ = {
			isa = PBXSourcesBuildPhase;
			buildActionMask = 2147483647;
			files = (
				F434B2C825619A3B00D7A9FD /* Course.swift in Sources */,
				F4758954255A3BBC003C2C6D /* Sidebar.swift in Sources */,
				F4EBBC11255B8D6E000A0EBA /* CourseItem.swift in Sources */,
				F475893B255A279E003C2C6D /* ContentView.swift in Sources */,
				F475894A255A3788003C2C6D /* CourseRow.swift in Sources */,
				F4758939255A279D003C2C6D /* DesignCode_iOS14App.swift in Sources */,
				F475894F255A3A8C003C2C6D /* CoursesView.swift in Sources */,
				F4EBBC19255B8EFA000A0EBA /* CourseList.swift in Sources */,
			);
			runOnlyForDeploymentPostprocessing = 0;
		};
/* End PBXSourcesBuildPhase section */

/* Begin XCBuildConfiguration section */
		F475893E255A279E003C2C6D /* Debug */ = {
			isa = XCBuildConfiguration;
			buildSettings = {
				ALWAYS_SEARCH_USER_PATHS = NO;
				CLANG_ANALYZER_NONNULL = YES;
				CLANG_ANALYZER_NUMBER_OBJECT_CONVERSION = YES_AGGRESSIVE;
				CLANG_CXX_LANGUAGE_STANDARD = "gnu++14";
				CLANG_CXX_LIBRARY = "libc++";
				CLANG_ENABLE_MODULES = YES;
				CLANG_ENABLE_OBJC_ARC = YES;
				CLANG_ENABLE_OBJC_WEAK = YES;
				CLANG_WARN_BLOCK_CAPTURE_AUTORELEASING = YES;
				CLANG_WARN_BOOL_CONVERSION = YES;
				CLANG_WARN_COMMA = YES;
				CLANG_WARN_CONSTANT_CONVERSION = YES;
				CLANG_WARN_DEPRECATED_OBJC_IMPLEMENTATIONS = YES;
				CLANG_WARN_DIRECT_OBJC_ISA_USAGE = YES_ERROR;
				CLANG_WARN_DOCUMENTATION_COMMENTS = YES;
				CLANG_WARN_EMPTY_BODY = YES;
				CLANG_WARN_ENUM_CONVERSION = YES;
				CLANG_WARN_INFINITE_RECURSION = YES;
				CLANG_WARN_INT_CONVERSION = YES;
				CLANG_WARN_NON_LITERAL_NULL_CONVERSION = YES;
				CLANG_WARN_OBJC_IMPLICIT_RETAIN_SELF = YES;
				CLANG_WARN_OBJC_LITERAL_CONVERSION = YES;
				CLANG_WARN_OBJC_ROOT_CLASS = YES_ERROR;
				CLANG_WARN_QUOTED_INCLUDE_IN_FRAMEWORK_HEADER = YES;
				CLANG_WARN_RANGE_LOOP_ANALYSIS = YES;
				CLANG_WARN_STRICT_PROTOTYPES = YES;
				CLANG_WARN_SUSPICIOUS_MOVE = YES;
				CLANG_WARN_UNGUARDED_AVAILABILITY = YES_AGGRESSIVE;
				CLANG_WARN_UNREACHABLE_CODE = YES;
				CLANG_WARN__DUPLICATE_METHOD_MATCH = YES;
				COPY_PHASE_STRIP = NO;
				DEBUG_INFORMATION_FORMAT = dwarf;
				ENABLE_STRICT_OBJC_MSGSEND = YES;
				ENABLE_TESTABILITY = YES;
				GCC_C_LANGUAGE_STANDARD = gnu11;
				GCC_DYNAMIC_NO_PIC = NO;
				GCC_NO_COMMON_BLOCKS = YES;
				GCC_OPTIMIZATION_LEVEL = 0;
				GCC_PREPROCESSOR_DEFINITIONS = (
					"DEBUG=1",
					"$(inherited)",
				);
				GCC_WARN_64_TO_32_BIT_CONVERSION = YES;
				GCC_WARN_ABOUT_RETURN_TYPE = YES_ERROR;
				GCC_WARN_UNDECLARED_SELECTOR = YES;
				GCC_WARN_UNINITIALIZED_AUTOS = YES_AGGRESSIVE;
				GCC_WARN_UNUSED_FUNCTION = YES;
				GCC_WARN_UNUSED_VARIABLE = YES;
				MTL_ENABLE_DEBUG_INFO = INCLUDE_SOURCE;
				MTL_FAST_MATH = YES;
				ONLY_ACTIVE_ARCH = YES;
				SWIFT_ACTIVE_COMPILATION_CONDITIONS = DEBUG;
				SWIFT_OPTIMIZATION_LEVEL = "-Onone";
			};
			name = Debug;
		};
		F475893F255A279E003C2C6D /* Release */ = {
			isa = XCBuildConfiguration;
			buildSettings = {
				ALWAYS_SEARCH_USER_PATHS = NO;
				CLANG_ANALYZER_NONNULL = YES;
				CLANG_ANALYZER_NUMBER_OBJECT_CONVERSION = YES_AGGRESSIVE;
				CLANG_CXX_LANGUAGE_STANDARD = "gnu++14";
				CLANG_CXX_LIBRARY = "libc++";
				CLANG_ENABLE_MODULES = YES;
				CLANG_ENABLE_OBJC_ARC = YES;
				CLANG_ENABLE_OBJC_WEAK = YES;
				CLANG_WARN_BLOCK_CAPTURE_AUTORELEASING = YES;
				CLANG_WARN_BOOL_CONVERSION = YES;
				CLANG_WARN_COMMA = YES;
				CLANG_WARN_CONSTANT_CONVERSION = YES;
				CLANG_WARN_DEPRECATED_OBJC_IMPLEMENTATIONS = YES;
				CLANG_WARN_DIRECT_OBJC_ISA_USAGE = YES_ERROR;
				CLANG_WARN_DOCUMENTATION_COMMENTS = YES;
				CLANG_WARN_EMPTY_BODY = YES;
				CLANG_WARN_ENUM_CONVERSION = YES;
				CLANG_WARN_INFINITE_RECURSION = YES;
				CLANG_WARN_INT_CONVERSION = YES;
				CLANG_WARN_NON_LITERAL_NULL_CONVERSION = YES;
				CLANG_WARN_OBJC_IMPLICIT_RETAIN_SELF = YES;
				CLANG_WARN_OBJC_LITERAL_CONVERSION = YES;
				CLANG_WARN_OBJC_ROOT_CLASS = YES_ERROR;
				CLANG_WARN_QUOTED_INCLUDE_IN_FRAMEWORK_HEADER = YES;
				CLANG_WARN_RANGE_LOOP_ANALYSIS = YES;
				CLANG_WARN_STRICT_PROTOTYPES = YES;
				CLANG_WARN_SUSPICIOUS_MOVE = YES;
				CLANG_WARN_UNGUARDED_AVAILABILITY = YES_AGGRESSIVE;
				CLANG_WARN_UNREACHABLE_CODE = YES;
				CLANG_WARN__DUPLICATE_METHOD_MATCH = YES;
				COPY_PHASE_STRIP = NO;
				DEBUG_INFORMATION_FORMAT = "dwarf-with-dsym";
				ENABLE_NS_ASSERTIONS = NO;
				ENABLE_STRICT_OBJC_MSGSEND = YES;
				GCC_C_LANGUAGE_STANDARD = gnu11;
				GCC_NO_COMMON_BLOCKS = YES;
				GCC_WARN_64_TO_32_BIT_CONVERSION = YES;
				GCC_WARN_ABOUT_RETURN_TYPE = YES_ERROR;
				GCC_WARN_UNDECLARED_SELECTOR = YES;
				GCC_WARN_UNINITIALIZED_AUTOS = YES_AGGRESSIVE;
				GCC_WARN_UNUSED_FUNCTION = YES;
				GCC_WARN_UNUSED_VARIABLE = YES;
				MTL_ENABLE_DEBUG_INFO = NO;
				MTL_FAST_MATH = YES;
				SWIFT_COMPILATION_MODE = wholemodule;
				SWIFT_OPTIMIZATION_LEVEL = "-O";
			};
			name = Release;
		};
		F4758941255A279E003C2C6D /* Debug */ = {
			isa = XCBuildConfiguration;
			buildSettings = {
				ASSETCATALOG_COMPILER_APPICON_NAME = AppIcon;
				ASSETCATALOG_COMPILER_GLOBAL_ACCENT_COLOR_NAME = AccentColor;
				CODE_SIGN_STYLE = Automatic;
				DEVELOPMENT_TEAM = 9G2243U9KY;
				ENABLE_PREVIEWS = YES;
				INFOPLIST_FILE = iOS/Info.plist;
				IPHONEOS_DEPLOYMENT_TARGET = 14.0;
				LD_RUNPATH_SEARCH_PATHS = (
					"$(inherited)",
					"@executable_path/Frameworks",
				);
				PRODUCT_BUNDLE_IDENTIFIER = "TeeksCode.DesignCode-iOS14";
				PRODUCT_NAME = DesignCode.iOS14;
				SDKROOT = iphoneos;
				SWIFT_VERSION = 5.0;
				TARGETED_DEVICE_FAMILY = "1,2";
			};
			name = Debug;
		};
		F4758942255A279E003C2C6D /* Release */ = {
			isa = XCBuildConfiguration;
			buildSettings = {
				ASSETCATALOG_COMPILER_APPICON_NAME = AppIcon;
				ASSETCATALOG_COMPILER_GLOBAL_ACCENT_COLOR_NAME = AccentColor;
				CODE_SIGN_STYLE = Automatic;
				DEVELOPMENT_TEAM = 9G2243U9KY;
				ENABLE_PREVIEWS = YES;
				INFOPLIST_FILE = iOS/Info.plist;
				IPHONEOS_DEPLOYMENT_TARGET = 14.0;
				LD_RUNPATH_SEARCH_PATHS = (
					"$(inherited)",
					"@executable_path/Frameworks",
				);
				PRODUCT_BUNDLE_IDENTIFIER = "TeeksCode.DesignCode-iOS14";
				PRODUCT_NAME = DesignCode.iOS14;
				SDKROOT = iphoneos;
				SWIFT_VERSION = 5.0;
				TARGETED_DEVICE_FAMILY = "1,2";
				VALIDATE_PRODUCT = YES;
			};
			name = Release;
		};
		F4758944255A279E003C2C6D /* Debug */ = {
			isa = XCBuildConfiguration;
			buildSettings = {
				ASSETCATALOG_COMPILER_APPICON_NAME = AppIcon;
				ASSETCATALOG_COMPILER_GLOBAL_ACCENT_COLOR_NAME = AccentColor;
				CODE_SIGN_ENTITLEMENTS = macOS/macOS.entitlements;
				CODE_SIGN_STYLE = Automatic;
				COMBINE_HIDPI_IMAGES = YES;
				DEVELOPMENT_TEAM = 9G2243U9KY;
				ENABLE_HARDENED_RUNTIME = YES;
				ENABLE_PREVIEWS = YES;
				INFOPLIST_FILE = macOS/Info.plist;
				LD_RUNPATH_SEARCH_PATHS = (
					"$(inherited)",
					"@executable_path/../Frameworks",
				);
				MACOSX_DEPLOYMENT_TARGET = 11.0;
				PRODUCT_BUNDLE_IDENTIFIER = "TeeksCode.DesignCode-iOS14";
				PRODUCT_NAME = DesignCode.iOS14;
				SDKROOT = macosx;
				SWIFT_VERSION = 5.0;
			};
			name = Debug;
		};
		F4758945255A279E003C2C6D /* Release */ = {
			isa = XCBuildConfiguration;
			buildSettings = {
				ASSETCATALOG_COMPILER_APPICON_NAME = AppIcon;
				ASSETCATALOG_COMPILER_GLOBAL_ACCENT_COLOR_NAME = AccentColor;
				CODE_SIGN_ENTITLEMENTS = macOS/macOS.entitlements;
				CODE_SIGN_STYLE = Automatic;
				COMBINE_HIDPI_IMAGES = YES;
				DEVELOPMENT_TEAM = 9G2243U9KY;
				ENABLE_HARDENED_RUNTIME = YES;
				ENABLE_PREVIEWS = YES;
				INFOPLIST_FILE = macOS/Info.plist;
				LD_RUNPATH_SEARCH_PATHS = (
					"$(inherited)",
					"@executable_path/../Frameworks",
				);
				MACOSX_DEPLOYMENT_TARGET = 11.0;
				PRODUCT_BUNDLE_IDENTIFIER = "TeeksCode.DesignCode-iOS14";
				PRODUCT_NAME = DesignCode.iOS14;
				SDKROOT = macosx;
				SWIFT_VERSION = 5.0;
			};
			name = Release;
		};
/* End XCBuildConfiguration section */

/* Begin XCConfigurationList section */
		F4758923255A2796003C2C6D /* Build configuration list for PBXProject "DesignCode.iOS14" */ = {
			isa = XCConfigurationList;
			buildConfigurations = (
				F475893E255A279E003C2C6D /* Debug */,
				F475893F255A279E003C2C6D /* Release */,
			);
			defaultConfigurationIsVisible = 0;
			defaultConfigurationName = Release;
		};
		F4758940255A279E003C2C6D /* Build configuration list for PBXNativeTarget "DesignCode.iOS14 (iOS)" */ = {
			isa = XCConfigurationList;
			buildConfigurations = (
				F4758941255A279E003C2C6D /* Debug */,
				F4758942255A279E003C2C6D /* Release */,
			);
			defaultConfigurationIsVisible = 0;
			defaultConfigurationName = Release;
		};
		F4758943255A279E003C2C6D /* Build configuration list for PBXNativeTarget "DesignCode.iOS14 (macOS)" */ = {
			isa = XCConfigurationList;
			buildConfigurations = (
				F4758944255A279E003C2C6D /* Debug */,
				F4758945255A279E003C2C6D /* Release */,
			);
			defaultConfigurationIsVisible = 0;
			defaultConfigurationName = Release;
		};
/* End XCConfigurationList section */
	};
	rootObject = F4758920255A2796003C2C6D /* Project object */;
}
